
Microsoft Visual Studio Solution File, Format Version 12.00
# Visual Studio Version 17
VisualStudioVersion = 17.0.31903.59
MinimumVisualStudioVersion = 10.0.40219.1
Project("{8BC9CEB8-8B4A-11D0-8D11-00A0C91BC942}") = "NoVmp", "NoVmp\NoVmp.vcxproj", "{C93BF114-7A97-45E1-8DA3-638AFDEDE25A}"
EndProject
Project("{8BC9CEB8-8B4A-11D0-8D11-00A0C91BC942}") = "capstone", "msvc\capstone.vcxproj", "{873022FC-CC65-5981-9086-4F9AB107BA4F}"
EndProject
Project("{8BC9CEB8-8B4A-11D0-8D11-00A0C91BC942}") = "keystone", "msvc\keystone.vcxproj", "{86818791-A27D-5702-86E3-EFE9C61E7EC8}"
EndProject
Project("{8BC9CEB8-8B4A-11D0-8D11-00A0C91BC942}") = "unicorn", "msvc\unicorn.vcxproj", "{5F160114-1B96-585D-9629-47B21D8F1CC0}"
EndProject
Project("{8BC9CEB8-8B4A-11D0-8D11-00A0C91BC942}") = "VTIL-Common", "msvc\VTIL-Common.vcxproj", "{5027BC07-7319-5537-AC64-CAC02CFB23D8}"
EndProject
Project("{8BC9CEB8-8B4A-11D0-8D11-00A0C91BC942}") = "VTIL-SymEx", "msvc\VTIL-SymEx.vcxproj", "{3FA77A77-A688-5D42-862D-63EA9FB8934D}"
EndProject
Project("{8BC9CEB8-8B4A-11D0-8D11-00A0C91BC942}") = "VTIL-Architecture", "msvc\VTIL-Architecture.vcxproj", "{8E232EC4-9A83-5D4B-82B1-FEABEACBCD45}"
EndProject
Project("{8BC9CEB8-8B4A-11D0-8D11-00A0C91BC942}") = "VTIL-Compiler", "msvc\VTIL-Compiler.vcxproj", "{55E88589-53A2-528E-B8DA-B0CDD7EE3457}"
EndProject
Project("{2150E333-8FDC-42A3-9474-1A3956D46DE8}") = "Dependencies", "Dependencies", "{902A5C95-F872-545F-8F2E-91FF1AF76C67}"
EndProject
Project("{2150E333-8FDC-42A3-9474-1A3956D46DE8}") = "VTIL", "VTIL", "{E07848DA-3293-5609-BB04-4CB133559514}"
EndProject
Project("{8BC9CEB8-8B4A-11D0-8D11-00A0C91BC942}") = "unicorn-test_x86", "msvc\unicorn-test_x86.vcxproj", "{1D90F91A-D9E0-4065-92F2-F734D57CEF5D}"
EndProject
Project("{8BC9CEB8-8B4A-11D0-8D11-00A0C91BC942}") = "unicorn-test_ctl", "msvc\unicorn-test_ctl.vcxproj", "{EE70A69D-E4EB-4B38-9BD4-E6972315318C}"
EndProject
Project("{8BC9CEB8-8B4A-11D0-8D11-00A0C91BC942}") = "unicorn-test_mem", "msvc\unicorn-test_mem.vcxproj", "{C4D57C0D-0E94-4E38-BCDE-8D132109F629}"
EndProject
Project("{2150E333-8FDC-42A3-9474-1A3956D46DE8}") = "Tests", "Tests", "{6D6705D5-B7A9-4922-A499-776CB8835031}"
EndProject
Project("{8BC9CEB8-8B4A-11D0-8D11-00A0C91BC942}") = "emu-uc72-risk", "pending-deletion\uc72_risk\emu-uc72-risk.vcxproj", "{A507753A-1304-4182-81FF-8B5424BD7838}"
EndProject
Project("{8BC9CEB8-8B4A-11D0-8D11-00A0C91BC942}") = "emu-alltest", "Emulator\tests\alltest\emu-alltest.vcxproj", "{2F4C3A16-D42F-43B3-B7F5-70B4490F5AE4}"
EndProject
Global
	GlobalSection(SolutionConfigurationPlatforms) = preSolution
		Debug|x64 = Debug|x64
		Release|x64 = Release|x64
	EndGlobalSection
	GlobalSection(ProjectConfigurationPlatforms) = postSolution
		{C93BF114-7A97-45E1-8DA3-638AFDEDE25A}.Debug|x64.ActiveCfg = Debug|x64
		{C93BF114-7A97-45E1-8DA3-638AFDEDE25A}.Debug|x64.Build.0 = Debug|x64
		{C93BF114-7A97-45E1-8DA3-638AFDEDE25A}.Release|x64.ActiveCfg = Release|x64
		{C93BF114-7A97-45E1-8DA3-638AFDEDE25A}.Release|x64.Build.0 = Release|x64
		{873022FC-CC65-5981-9086-4F9AB107BA4F}.Debug|x64.ActiveCfg = Debug|x64
		{873022FC-CC65-5981-9086-4F9AB107BA4F}.Debug|x64.Build.0 = Debug|x64
		{873022FC-CC65-5981-9086-4F9AB107BA4F}.Release|x64.ActiveCfg = Release|x64
		{873022FC-CC65-5981-9086-4F9AB107BA4F}.Release|x64.Build.0 = Release|x64
		{86818791-A27D-5702-86E3-EFE9C61E7EC8}.Debug|x64.ActiveCfg = Debug|x64
		{86818791-A27D-5702-86E3-EFE9C61E7EC8}.Debug|x64.Build.0 = Debug|x64
		{86818791-A27D-5702-86E3-EFE9C61E7EC8}.Release|x64.ActiveCfg = Release|x64
		{86818791-A27D-5702-86E3-EFE9C61E7EC8}.Release|x64.Build.0 = Release|x64
		{5F160114-1B96-585D-9629-47B21D8F1CC0}.Debug|x64.ActiveCfg = Debug|x64
		{5F160114-1B96-585D-9629-47B21D8F1CC0}.Debug|x64.Build.0 = Debug|x64
		{5F160114-1B96-585D-9629-47B21D8F1CC0}.Release|x64.ActiveCfg = Release|x64
		{5F160114-1B96-585D-9629-47B21D8F1CC0}.Release|x64.Build.0 = Release|x64
		{5027BC07-7319-5537-AC64-CAC02CFB23D8}.Debug|x64.ActiveCfg = Debug|x64
		{5027BC07-7319-5537-AC64-CAC02CFB23D8}.Debug|x64.Build.0 = Debug|x64
		{5027BC07-7319-5537-AC64-CAC02CFB23D8}.Release|x64.ActiveCfg = Release|x64
		{5027BC07-7319-5537-AC64-CAC02CFB23D8}.Release|x64.Build.0 = Release|x64
		{3FA77A77-A688-5D42-862D-63EA9FB8934D}.Debug|x64.ActiveCfg = Debug|x64
		{3FA77A77-A688-5D42-862D-63EA9FB8934D}.Debug|x64.Build.0 = Debug|x64
		{3FA77A77-A688-5D42-862D-63EA9FB8934D}.Release|x64.ActiveCfg = Release|x64
		{3FA77A77-A688-5D42-862D-63EA9FB8934D}.Release|x64.Build.0 = Release|x64
		{8E232EC4-9A83-5D4B-82B1-FEABEACBCD45}.Debug|x64.ActiveCfg = Debug|x64
		{8E232EC4-9A83-5D4B-82B1-FEABEACBCD45}.Debug|x64.Build.0 = Debug|x64
		{8E232EC4-9A83-5D4B-82B1-FEABEACBCD45}.Release|x64.ActiveCfg = Release|x64
		{8E232EC4-9A83-5D4B-82B1-FEABEACBCD45}.Release|x64.Build.0 = Release|x64
		{55E88589-53A2-528E-B8DA-B0CDD7EE3457}.Debug|x64.ActiveCfg = Debug|x64
		{55E88589-53A2-528E-B8DA-B0CDD7EE3457}.Debug|x64.Build.0 = Debug|x64
		{55E88589-53A2-528E-B8DA-B0CDD7EE3457}.Release|x64.ActiveCfg = Release|x64
		{55E88589-53A2-528E-B8DA-B0CDD7EE3457}.Release|x64.Build.0 = Release|x64
		{1D90F91A-D9E0-4065-92F2-F734D57CEF5D}.Debug|x64.ActiveCfg = Debug|x64
		{1D90F91A-D9E0-4065-92F2-F734D57CEF5D}.Debug|x64.Build.0 = Debug|x64
		{1D90F91A-D9E0-4065-92F2-F734D57CEF5D}.Release|x64.ActiveCfg = Release|x64
		{1D90F91A-D9E0-4065-92F2-F734D57CEF5D}.Release|x64.Build.0 = Release|x64
		{EE70A69D-E4EB-4B38-9BD4-E6972315318C}.Debug|x64.ActiveCfg = Debug|x64
		{EE70A69D-E4EB-4B38-9BD4-E6972315318C}.Debug|x64.Build.0 = Debug|x64
		{EE70A69D-E4EB-4B38-9BD4-E6972315318C}.Release|x64.ActiveCfg = Release|x64
		{EE70A69D-E4EB-4B38-9BD4-E6972315318C}.Release|x64.Build.0 = Release|x64
		{C4D57C0D-0E94-4E38-BCDE-8D132109F629}.Debug|x64.ActiveCfg = Debug|x64
		{C4D57C0D-0E94-4E38-BCDE-8D132109F629}.Debug|x64.Build.0 = Debug|x64
		{C4D57C0D-0E94-4E38-BCDE-8D132109F629}.Release|x64.ActiveCfg = Release|x64
		{C4D57C0D-0E94-4E38-BCDE-8D132109F629}.Release|x64.Build.0 = Release|x64
		{A507753A-1304-4182-81FF-8B5424BD7838}.Debug|x64.ActiveCfg = Debug|x64
		{A507753A-1304-4182-81FF-8B5424BD7838}.Debug|x64.Build.0 = Debug|x64
		{A507753A-1304-4182-81FF-8B5424BD7838}.Release|x64.ActiveCfg = Release|x64
		{A507753A-1304-4182-81FF-8B5424BD7838}.Release|x64.Build.0 = Release|x64
		{2F4C3A16-D42F-43B3-B7F5-70B4490F5AE4}.Debug|x64.ActiveCfg = Debug|x64
		{2F4C3A16-D42F-43B3-B7F5-70B4490F5AE4}.Debug|x64.Build.0 = Debug|x64
		{2F4C3A16-D42F-43B3-B7F5-70B4490F5AE4}.Release|x64.ActiveCfg = Release|x64
		{2F4C3A16-D42F-43B3-B7F5-70B4490F5AE4}.Release|x64.Build.0 = Release|x64
	EndGlobalSection
	GlobalSection(SolutionProperties) = preSolution
		HideSolutionNode = FALSE
	EndGlobalSection
	GlobalSection(NestedProjects) = preSolution
		{873022FC-CC65-5981-9086-4F9AB107BA4F} = {902A5C95-F872-545F-8F2E-91FF1AF76C67}
		{86818791-A27D-5702-86E3-EFE9C61E7EC8} = {902A5C95-F872-545F-8F2E-91FF1AF76C67}
		{5F160114-1B96-585D-9629-47B21D8F1CC0} = {902A5C95-F872-545F-8F2E-91FF1AF76C67}
		{5027BC07-7319-5537-AC64-CAC02CFB23D8} = {E07848DA-3293-5609-BB04-4CB133559514}
		{3FA77A77-A688-5D42-862D-63EA9FB8934D} = {E07848DA-3293-5609-BB04-4CB133559514}
		{8E232EC4-9A83-5D4B-82B1-FEABEACBCD45} = {E07848DA-3293-5609-BB04-4CB133559514}
		{55E88589-53A2-528E-B8DA-B0CDD7EE3457} = {E07848DA-3293-5609-BB04-4CB133559514}
		{1D90F91A-D9E0-4065-92F2-F734D57CEF5D} = {6D6705D5-B7A9-4922-A499-776CB8835031}
		{EE70A69D-E4EB-4B38-9BD4-E6972315318C} = {6D6705D5-B7A9-4922-A499-776CB8835031}
		{C4D57C0D-0E94-4E38-BCDE-8D132109F629} = {6D6705D5-B7A9-4922-A499-776CB8835031}
		{A507753A-1304-4182-81FF-8B5424BD7838} = {6D6705D5-B7A9-4922-A499-776CB8835031}
		{2F4C3A16-D42F-43B3-B7F5-70B4490F5AE4} = {6D6705D5-B7A9-4922-A499-776CB8835031}
	EndGlobalSection
	GlobalSection(ExtensibilityGlobals) = postSolution
		SolutionGuid = {43AEF470-2FF3-5242-923F-C62C32A8EAE1}
	EndGlobalSection
EndGlobal
