<?xml version="1.0" encoding="utf-8"?>
<Project ToolsVersion="4.0" xmlns="http://schemas.microsoft.com/developer/msbuild/2003">
  <ItemGroup>
    <Filter Include="emulator"><UniqueIdentifier>{39F71651-B132-5C65-A56D-E701A6C84928}</UniqueIdentifier></Filter>
    <Filter Include="vmprotect"><UniqueIdentifier>{A426A06C-70F8-562E-BEF7-A8135F78B833}</UniqueIdentifier></Filter>
  </ItemGroup>
  <ItemGroup>
    <ClCompile Include="emulator\emulator.cpp"><Filter>emulator</Filter></ClCompile>
    <ClCompile Include="emulator\rwx_allocator.cpp"><Filter>emulator</Filter></ClCompile>
    <ClCompile Include="main.cpp" />
    <ClCompile Include="vmprotect\architecture.cpp"><Filter>vmprotect</Filter></ClCompile>
    <ClCompile Include="vmprotect\il2vtil.cpp"><Filter>vmprotect</Filter></ClCompile>
    <ClCompile Include="vmprotect\subroutines.cpp"><Filter>vmprotect</Filter></ClCompile>
    <ClCompile Include="vmprotect\vtil_lifter.cpp"><Filter>vmprotect</Filter></ClCompile>
    <ClInclude Include="demo_compiler.hpp" />
    <ClInclude Include="emulator\emulator.hpp"><Filter>emulator</Filter></ClInclude>
    <ClInclude Include="emulator\rwx_allocator.hpp"><Filter>emulator</Filter></ClInclude>
    <ClInclude Include="resource.h" />
    <ClInclude Include="vmprotect\architecture.hpp"><Filter>vmprotect</Filter></ClInclude>
    <ClInclude Include="vmprotect\deobfuscator.hpp"><Filter>vmprotect</Filter></ClInclude>
    <ClInclude Include="vmprotect\il2vtil.hpp"><Filter>vmprotect</Filter></ClInclude>
    <ClInclude Include="vmprotect\image_desc.hpp"><Filter>vmprotect</Filter></ClInclude>
    <ClInclude Include="vmprotect\rkey.hpp"><Filter>vmprotect</Filter></ClInclude>
    <ClInclude Include="vmprotect\subroutines.hpp"><Filter>vmprotect</Filter></ClInclude>
    <ClInclude Include="vmprotect\vm_state.hpp"><Filter>vmprotect</Filter></ClInclude>
    <ClInclude Include="vmprotect\vtil_lifter.hpp"><Filter>vmprotect</Filter></ClInclude>
    <ResourceCompile Include="NoVmp.rc" />
    <Image Include="logo.ico" />
  </ItemGroup>
</Project>
