<?xml version="1.0" encoding="utf-8"?>
<Project ToolsVersion="4.0" xmlns="http://schemas.microsoft.com/developer/msbuild/2003">
  <ItemGroup>
    <Filter Include="glib_compat"><UniqueIdentifier>{4DFA6085-F2D7-5ADD-BD86-3B47098F5DEB}</UniqueIdentifier></Filter>
    <Filter Include="include"><UniqueIdentifier>{B14ED552-3B6F-599D-A02E-E95BF25D28CE}</UniqueIdentifier></Filter>
    <Filter Include="include\unicorn"><UniqueIdentifier>{CCCC95D3-FBF0-51BE-8EEF-E0AF36075571}</UniqueIdentifier></Filter>
    <Filter Include="qemu"><UniqueIdentifier>{6836BC84-13B4-541C-B001-006613C30CEF}</UniqueIdentifier></Filter>
    <Filter Include="qemu\accel"><UniqueIdentifier>{9DA5CDD0-9AA3-5161-9BD7-557E69EC7FEF}</UniqueIdentifier></Filter>
    <Filter Include="qemu\accel\tcg"><UniqueIdentifier>{38637BE6-D292-55EE-8126-975FF1F36F3B}</UniqueIdentifier></Filter>
    <Filter Include="qemu\crypto"><UniqueIdentifier>{878FD419-B150-5AA0-B721-711F750EE1A7}</UniqueIdentifier></Filter>
    <Filter Include="qemu\fpu"><UniqueIdentifier>{EBF2920B-C10D-59CE-A57F-F1B4B7802B81}</UniqueIdentifier></Filter>
    <Filter Include="qemu\hw"><UniqueIdentifier>{AEBD87D3-F672-5B7C-8066-80BA1DA71930}</UniqueIdentifier></Filter>
    <Filter Include="qemu\hw\core"><UniqueIdentifier>{D5909C4F-E493-5F82-95F4-8A8B5E94C13D}</UniqueIdentifier></Filter>
    <Filter Include="qemu\hw\i386"><UniqueIdentifier>{5CFECC89-A267-5A23-B280-B4F9213C8E5A}</UniqueIdentifier></Filter>
    <Filter Include="qemu\softmmu"><UniqueIdentifier>{5DC1DD59-17DB-57F6-8F0E-3B58422B310C}</UniqueIdentifier></Filter>
    <Filter Include="qemu\target"><UniqueIdentifier>{01696112-FA62-5B5A-A880-386395D9F385}</UniqueIdentifier></Filter>
    <Filter Include="qemu\target\i386"><UniqueIdentifier>{90D85C4F-6700-5DB6-BDD5-EC3EB3F5976A}</UniqueIdentifier></Filter>
    <Filter Include="qemu\tcg"><UniqueIdentifier>{52C9BDF0-A846-5F49-BA1A-A1B1AD83498E}</UniqueIdentifier></Filter>
    <Filter Include="qemu\util"><UniqueIdentifier>{64933ADB-21ED-5564-9B51-B0A014A90DAF}</UniqueIdentifier></Filter>
  </ItemGroup>
  <ItemGroup>
    <ClCompile Include="..\unicorn\qemu\exec.c"><Filter>qemu</Filter></ClCompile>
    <ClCompile Include="..\unicorn\qemu\exec-vary.c"><Filter>qemu</Filter></ClCompile>
    <ClCompile Include="..\unicorn\qemu\softmmu\cpus.c"><Filter>qemu\softmmu</Filter></ClCompile>
    <ClCompile Include="..\unicorn\qemu\softmmu\ioport.c"><Filter>qemu\softmmu</Filter></ClCompile>
    <ClCompile Include="..\unicorn\qemu\softmmu\memory.c"><Filter>qemu\softmmu</Filter></ClCompile>
    <ClCompile Include="..\unicorn\qemu\softmmu\memory_mapping.c"><Filter>qemu\softmmu</Filter></ClCompile>
    <ClCompile Include="..\unicorn\qemu\fpu\softfloat.c"><Filter>qemu\fpu</Filter></ClCompile>
    <ClCompile Include="..\unicorn\qemu\tcg\optimize.c"><Filter>qemu\tcg</Filter></ClCompile>
    <ClCompile Include="..\unicorn\qemu\tcg\tcg.c"><Filter>qemu\tcg</Filter></ClCompile>
    <ClCompile Include="..\unicorn\qemu\tcg\tcg-op.c"><Filter>qemu\tcg</Filter></ClCompile>
    <ClCompile Include="..\unicorn\qemu\tcg\tcg-op-gvec.c"><Filter>qemu\tcg</Filter></ClCompile>
    <ClCompile Include="..\unicorn\qemu\tcg\tcg-op-vec.c"><Filter>qemu\tcg</Filter></ClCompile>
    <ClCompile Include="..\unicorn\qemu\accel\tcg\cpu-exec.c"><Filter>qemu\accel\tcg</Filter></ClCompile>
    <ClCompile Include="..\unicorn\qemu\accel\tcg\cpu-exec-common.c"><Filter>qemu\accel\tcg</Filter></ClCompile>
    <ClCompile Include="..\unicorn\qemu\accel\tcg\cputlb.c"><Filter>qemu\accel\tcg</Filter></ClCompile>
    <ClCompile Include="..\unicorn\qemu\accel\tcg\tcg-all.c"><Filter>qemu\accel\tcg</Filter></ClCompile>
    <ClCompile Include="..\unicorn\qemu\accel\tcg\tcg-runtime.c"><Filter>qemu\accel\tcg</Filter></ClCompile>
    <ClCompile Include="..\unicorn\qemu\accel\tcg\tcg-runtime-gvec.c"><Filter>qemu\accel\tcg</Filter></ClCompile>
    <ClCompile Include="..\unicorn\qemu\accel\tcg\translate-all.c"><Filter>qemu\accel\tcg</Filter></ClCompile>
    <ClCompile Include="..\unicorn\qemu\accel\tcg\translator.c"><Filter>qemu\accel\tcg</Filter></ClCompile>
    <ClCompile Include="..\unicorn\qemu\softmmu\unicorn_vtlb.c"><Filter>qemu\softmmu</Filter></ClCompile>
    <ClCompile Include="..\unicorn\qemu\hw\i386\x86.c"><Filter>qemu\hw\i386</Filter></ClCompile>
    <ClCompile Include="..\unicorn\qemu\target\i386\arch_memory_mapping.c"><Filter>qemu\target\i386</Filter></ClCompile>
    <ClCompile Include="..\unicorn\qemu\target\i386\bpt_helper.c"><Filter>qemu\target\i386</Filter></ClCompile>
    <ClCompile Include="..\unicorn\qemu\target\i386\cc_helper.c"><Filter>qemu\target\i386</Filter></ClCompile>
    <ClCompile Include="..\unicorn\qemu\target\i386\cpu.c"><Filter>qemu\target\i386</Filter></ClCompile>
    <ClCompile Include="..\unicorn\qemu\target\i386\excp_helper.c"><Filter>qemu\target\i386</Filter></ClCompile>
    <ClCompile Include="..\unicorn\qemu\target\i386\fpu_helper.c"><Filter>qemu\target\i386</Filter></ClCompile>
    <ClCompile Include="..\unicorn\qemu\target\i386\helper.c"><Filter>qemu\target\i386</Filter></ClCompile>
    <ClCompile Include="..\unicorn\qemu\target\i386\int_helper.c"><Filter>qemu\target\i386</Filter></ClCompile>
    <ClCompile Include="..\unicorn\qemu\target\i386\machine.c"><Filter>qemu\target\i386</Filter></ClCompile>
    <ClCompile Include="..\unicorn\qemu\target\i386\mem_helper.c"><Filter>qemu\target\i386</Filter></ClCompile>
    <ClCompile Include="..\unicorn\qemu\target\i386\misc_helper.c"><Filter>qemu\target\i386</Filter></ClCompile>
    <ClCompile Include="..\unicorn\qemu\target\i386\mpx_helper.c"><Filter>qemu\target\i386</Filter></ClCompile>
    <ClCompile Include="..\unicorn\qemu\target\i386\seg_helper.c"><Filter>qemu\target\i386</Filter></ClCompile>
    <ClCompile Include="..\unicorn\qemu\target\i386\smm_helper.c"><Filter>qemu\target\i386</Filter></ClCompile>
    <ClCompile Include="..\unicorn\qemu\target\i386\svm_helper.c"><Filter>qemu\target\i386</Filter></ClCompile>
    <ClCompile Include="..\unicorn\qemu\target\i386\translate.c"><Filter>qemu\target\i386</Filter></ClCompile>
    <ClCompile Include="..\unicorn\qemu\target\i386\xsave_helper.c"><Filter>qemu\target\i386</Filter></ClCompile>
    <ClCompile Include="..\unicorn\qemu\target\i386\unicorn.c"><Filter>qemu\target\i386</Filter></ClCompile>
    <ClCompile Include="..\unicorn\uc.c" />
    <ClCompile Include="..\unicorn\qemu\softmmu\vl.c"><Filter>qemu\softmmu</Filter></ClCompile>
    <ClCompile Include="..\unicorn\qemu\hw\core\cpu.c"><Filter>qemu\hw\core</Filter></ClCompile>
    <ClCompile Include="..\unicorn\list.c" />
    <ClCompile Include="..\unicorn\glib_compat\glib_compat.c"><Filter>glib_compat</Filter></ClCompile>
    <ClCompile Include="..\unicorn\glib_compat\gtestutils.c"><Filter>glib_compat</Filter></ClCompile>
    <ClCompile Include="..\unicorn\glib_compat\garray.c"><Filter>glib_compat</Filter></ClCompile>
    <ClCompile Include="..\unicorn\glib_compat\gtree.c"><Filter>glib_compat</Filter></ClCompile>
    <ClCompile Include="..\unicorn\glib_compat\grand.c"><Filter>glib_compat</Filter></ClCompile>
    <ClCompile Include="..\unicorn\glib_compat\glist.c"><Filter>glib_compat</Filter></ClCompile>
    <ClCompile Include="..\unicorn\glib_compat\gmem.c"><Filter>glib_compat</Filter></ClCompile>
    <ClCompile Include="..\unicorn\glib_compat\gpattern.c"><Filter>glib_compat</Filter></ClCompile>
    <ClCompile Include="..\unicorn\glib_compat\gslice.c"><Filter>glib_compat</Filter></ClCompile>
    <ClCompile Include="..\unicorn\qemu\util\bitmap.c"><Filter>qemu\util</Filter></ClCompile>
    <ClCompile Include="..\unicorn\qemu\util\bitops.c"><Filter>qemu\util</Filter></ClCompile>
    <ClCompile Include="..\unicorn\qemu\util\crc32c.c"><Filter>qemu\util</Filter></ClCompile>
    <ClCompile Include="..\unicorn\qemu\util\cutils.c"><Filter>qemu\util</Filter></ClCompile>
    <ClCompile Include="..\unicorn\qemu\util\getauxval.c"><Filter>qemu\util</Filter></ClCompile>
    <ClCompile Include="..\unicorn\qemu\util\guest-random.c"><Filter>qemu\util</Filter></ClCompile>
    <ClCompile Include="..\unicorn\qemu\util\host-utils.c"><Filter>qemu\util</Filter></ClCompile>
    <ClCompile Include="..\unicorn\qemu\util\osdep.c"><Filter>qemu\util</Filter></ClCompile>
    <ClCompile Include="..\unicorn\qemu\util\qdist.c"><Filter>qemu\util</Filter></ClCompile>
    <ClCompile Include="..\unicorn\qemu\util\qemu-timer.c"><Filter>qemu\util</Filter></ClCompile>
    <ClCompile Include="..\unicorn\qemu\util\qemu-timer-common.c"><Filter>qemu\util</Filter></ClCompile>
    <ClCompile Include="..\unicorn\qemu\util\range.c"><Filter>qemu\util</Filter></ClCompile>
    <ClCompile Include="..\unicorn\qemu\util\qht.c"><Filter>qemu\util</Filter></ClCompile>
    <ClCompile Include="..\unicorn\qemu\util\pagesize.c"><Filter>qemu\util</Filter></ClCompile>
    <ClCompile Include="..\unicorn\qemu\util\cacheinfo.c"><Filter>qemu\util</Filter></ClCompile>
    <ClCompile Include="..\unicorn\qemu\crypto\aes.c"><Filter>qemu\crypto</Filter></ClCompile>
    <ClCompile Include="..\unicorn\qemu\util\oslib-win32.c"><Filter>qemu\util</Filter></ClCompile>
    <ClCompile Include="..\unicorn\qemu\util\qemu-thread-win32.c"><Filter>qemu\util</Filter></ClCompile>
    <ClInclude Include="..\unicorn\include\unicorn\arm.h"><Filter>include\unicorn</Filter></ClInclude>
    <ClInclude Include="..\unicorn\include\unicorn\arm64.h"><Filter>include\unicorn</Filter></ClInclude>
    <ClInclude Include="..\unicorn\include\unicorn\m68k.h"><Filter>include\unicorn</Filter></ClInclude>
    <ClInclude Include="..\unicorn\include\unicorn\mips.h"><Filter>include\unicorn</Filter></ClInclude>
    <ClInclude Include="..\unicorn\include\unicorn\platform.h"><Filter>include\unicorn</Filter></ClInclude>
    <ClInclude Include="..\unicorn\include\unicorn\ppc.h"><Filter>include\unicorn</Filter></ClInclude>
    <ClInclude Include="..\unicorn\include\unicorn\riscv.h"><Filter>include\unicorn</Filter></ClInclude>
    <ClInclude Include="..\unicorn\include\unicorn\s390x.h"><Filter>include\unicorn</Filter></ClInclude>
    <ClInclude Include="..\unicorn\include\unicorn\sparc.h"><Filter>include\unicorn</Filter></ClInclude>
    <ClInclude Include="..\unicorn\include\unicorn\tricore.h"><Filter>include\unicorn</Filter></ClInclude>
    <ClInclude Include="..\unicorn\include\unicorn\unicorn.h"><Filter>include\unicorn</Filter></ClInclude>
    <ClInclude Include="..\unicorn\include\unicorn\x86.h"><Filter>include\unicorn</Filter></ClInclude>
    <MASM Include="..\unicorn\qemu\util\setjmp-wrapper-win32.asm"><Filter>qemu\util</Filter></MASM>
  </ItemGroup>
</Project>
