<?xml version="1.0" encoding="utf-8"?>
<Project ToolsVersion="4.0" xmlns="http://schemas.microsoft.com/developer/msbuild/2003">
  <ItemGroup>
    <Filter Include="arch"><UniqueIdentifier>{0BAE85D9-BE7D-5DB3-ABA6-BB9D9700D509}</UniqueIdentifier></Filter>
    <Filter Include="arch\amd64"><UniqueIdentifier>{53F0D663-F02B-5129-B7DB-E7A9A7EC65B1}</UniqueIdentifier></Filter>
    <Filter Include="arch\arm64"><UniqueIdentifier>{F9E7F9DB-66C3-5757-BE78-14A573483844}</UniqueIdentifier></Filter>
    <Filter Include="arch\x86"><UniqueIdentifier>{4FA9686F-8ADF-5E9E-9AB3-70D12347F230}</UniqueIdentifier></Filter>
    <Filter Include="formats"><UniqueIdentifier>{6F700369-6854-53C9-BB8D-9C738588DF5D}</UniqueIdentifier></Filter>
    <Filter Include="io"><UniqueIdentifier>{9ABC08B2-019D-50FC-88B6-C5DB7FD1E586}</UniqueIdentifier></Filter>
    <Filter Include="math"><UniqueIdentifier>{D6D08A33-2FAB-50CD-A66F-5E815177C60B}</UniqueIdentifier></Filter>
    <Filter Include="util"><UniqueIdentifier>{00544314-0F00-53B1-AF34-6F53D5B92905}</UniqueIdentifier></Filter>
  </ItemGroup>
  <ItemGroup>
    <ClCompile Include="..\VTIL-Core\VTIL-Common\arch\amd64\amd64_assembler.cpp"><Filter>arch\amd64</Filter></ClCompile>
    <ClCompile Include="..\VTIL-Core\VTIL-Common\arch\amd64\amd64_disassembler.cpp"><Filter>arch\amd64</Filter></ClCompile>
    <ClCompile Include="..\VTIL-Core\VTIL-Common\arch\arm64\arm64_assembler.cpp"><Filter>arch\arm64</Filter></ClCompile>
    <ClCompile Include="..\VTIL-Core\VTIL-Common\arch\arm64\arm64_disassembler.cpp"><Filter>arch\arm64</Filter></ClCompile>
    <ClCompile Include="..\VTIL-Core\VTIL-Common\arch\x86\x86_assembler.cpp"><Filter>arch\x86</Filter></ClCompile>
    <ClCompile Include="..\VTIL-Core\VTIL-Common\arch\x86\x86_disassembler.cpp"><Filter>arch\x86</Filter></ClCompile>
    <ClCompile Include="..\VTIL-Core\VTIL-Common\formats\winpe.cpp"><Filter>formats</Filter></ClCompile>
    <ClCompile Include="..\VTIL-Core\VTIL-Common\io\logger.cpp"><Filter>io</Filter></ClCompile>
    <ClCompile Include="..\VTIL-Core\VTIL-Common\util\thread_identifier.cpp"><Filter>util</Filter></ClCompile>
    <ClCompile Include="..\VTIL-Core\VTIL-Common\util\variant.cpp"><Filter>util</Filter></ClCompile>
    <ClInclude Include="..\VTIL-Core\VTIL-Common\arch\amd64\amd64_assembler.hpp"><Filter>arch\amd64</Filter></ClInclude>
    <ClInclude Include="..\VTIL-Core\VTIL-Common\arch\amd64\amd64_disassembler.hpp"><Filter>arch\amd64</Filter></ClInclude>
    <ClInclude Include="..\VTIL-Core\VTIL-Common\arch\amd64\amd64_register_details.hpp"><Filter>arch\amd64</Filter></ClInclude>
    <ClInclude Include="..\VTIL-Core\VTIL-Common\arch\arch_size.hpp"><Filter>arch</Filter></ClInclude>
    <ClInclude Include="..\VTIL-Core\VTIL-Common\arch\arm64\arm64_assembler.hpp"><Filter>arch\arm64</Filter></ClInclude>
    <ClInclude Include="..\VTIL-Core\VTIL-Common\arch\arm64\arm64_disassembler.hpp"><Filter>arch\arm64</Filter></ClInclude>
    <ClInclude Include="..\VTIL-Core\VTIL-Common\arch\arm64\arm64_register_details.hpp"><Filter>arch\arm64</Filter></ClInclude>
    <ClInclude Include="..\VTIL-Core\VTIL-Common\arch\register_mapping.hpp"><Filter>arch</Filter></ClInclude>
    <ClInclude Include="..\VTIL-Core\VTIL-Common\arch\x86\x86_assembler.hpp"><Filter>arch\x86</Filter></ClInclude>
    <ClInclude Include="..\VTIL-Core\VTIL-Common\arch\x86\x86_disassembler.hpp"><Filter>arch\x86</Filter></ClInclude>
    <ClInclude Include="..\VTIL-Core\VTIL-Common\arch\x86\x86_register_details.hpp"><Filter>arch\x86</Filter></ClInclude>
    <ClInclude Include="..\VTIL-Core\VTIL-Common\formats\image_descriptor.hpp"><Filter>formats</Filter></ClInclude>
    <ClInclude Include="..\VTIL-Core\VTIL-Common\formats\winpe.hpp"><Filter>formats</Filter></ClInclude>
    <ClInclude Include="..\VTIL-Core\VTIL-Common\io\asserts.hpp"><Filter>io</Filter></ClInclude>
    <ClInclude Include="..\VTIL-Core\VTIL-Common\io\enum_name.hpp"><Filter>io</Filter></ClInclude>
    <ClInclude Include="..\VTIL-Core\VTIL-Common\io\fileio.hpp"><Filter>io</Filter></ClInclude>
    <ClInclude Include="..\VTIL-Core\VTIL-Common\io\formatting.hpp"><Filter>io</Filter></ClInclude>
    <ClInclude Include="..\VTIL-Core\VTIL-Common\io\logger.hpp"><Filter>io</Filter></ClInclude>
    <ClInclude Include="..\VTIL-Core\VTIL-Common\io\strong_formatting.hpp"><Filter>io</Filter></ClInclude>
    <ClInclude Include="..\VTIL-Core\VTIL-Common\io\table_view.hpp"><Filter>io</Filter></ClInclude>
    <ClInclude Include="..\VTIL-Core\VTIL-Common\math\bitwise.hpp"><Filter>math</Filter></ClInclude>
    <ClInclude Include="..\VTIL-Core\VTIL-Common\math\operable.hpp"><Filter>math</Filter></ClInclude>
    <ClInclude Include="..\VTIL-Core\VTIL-Common\math\operators.hpp"><Filter>math</Filter></ClInclude>
    <ClInclude Include="..\VTIL-Core\VTIL-Common\math\operators_partial.hpp"><Filter>math</Filter></ClInclude>
    <ClInclude Include="..\VTIL-Core\VTIL-Common\util\bitmap.hpp"><Filter>util</Filter></ClInclude>
    <ClInclude Include="..\VTIL-Core\VTIL-Common\util\conditional_lock.hpp"><Filter>util</Filter></ClInclude>
    <ClInclude Include="..\VTIL-Core\VTIL-Common\util\copy_on_write.hpp"><Filter>util</Filter></ClInclude>
    <ClInclude Include="..\VTIL-Core\VTIL-Common\util\deferred_value.hpp"><Filter>util</Filter></ClInclude>
    <ClInclude Include="..\VTIL-Core\VTIL-Common\util\detached_queue.hpp"><Filter>util</Filter></ClInclude>
    <ClInclude Include="..\VTIL-Core\VTIL-Common\util\enumerator.hpp"><Filter>util</Filter></ClInclude>
    <ClInclude Include="..\VTIL-Core\VTIL-Common\util\finally.hpp"><Filter>util</Filter></ClInclude>
    <ClInclude Include="..\VTIL-Core\VTIL-Common\util\fnv64.hpp"><Filter>util</Filter></ClInclude>
    <ClInclude Include="..\VTIL-Core\VTIL-Common\util\function_view.hpp"><Filter>util</Filter></ClInclude>
    <ClInclude Include="..\VTIL-Core\VTIL-Common\util\hashable.hpp"><Filter>util</Filter></ClInclude>
    <ClInclude Include="..\VTIL-Core\VTIL-Common\util\intrinsics.hpp"><Filter>util</Filter></ClInclude>
    <ClInclude Include="..\VTIL-Core\VTIL-Common\util\literals.hpp"><Filter>util</Filter></ClInclude>
    <ClInclude Include="..\VTIL-Core\VTIL-Common\util\lt_typeid.hpp"><Filter>util</Filter></ClInclude>
    <ClInclude Include="..\VTIL-Core\VTIL-Common\util\multivariate.hpp"><Filter>util</Filter></ClInclude>
    <ClInclude Include="..\VTIL-Core\VTIL-Common\util\numeric_iterator.hpp"><Filter>util</Filter></ClInclude>
    <ClInclude Include="..\VTIL-Core\VTIL-Common\util\object_pool.hpp"><Filter>util</Filter></ClInclude>
    <ClInclude Include="..\VTIL-Core\VTIL-Common\util\optional_reference.hpp"><Filter>util</Filter></ClInclude>
    <ClInclude Include="..\VTIL-Core\VTIL-Common\util\random.hpp"><Filter>util</Filter></ClInclude>
    <ClInclude Include="..\VTIL-Core\VTIL-Common\util\range.hpp"><Filter>util</Filter></ClInclude>
    <ClInclude Include="..\VTIL-Core\VTIL-Common\util\reducable.hpp"><Filter>util</Filter></ClInclude>
    <ClInclude Include="..\VTIL-Core\VTIL-Common\util\relaxed_atomics.hpp"><Filter>util</Filter></ClInclude>
    <ClInclude Include="..\VTIL-Core\VTIL-Common\util\reverse_iterator.hpp"><Filter>util</Filter></ClInclude>
    <ClInclude Include="..\VTIL-Core\VTIL-Common\util\stack_container.hpp"><Filter>util</Filter></ClInclude>
    <ClInclude Include="..\VTIL-Core\VTIL-Common\util\static_warning.hpp"><Filter>util</Filter></ClInclude>
    <ClInclude Include="..\VTIL-Core\VTIL-Common\util\task.hpp"><Filter>util</Filter></ClInclude>
    <ClInclude Include="..\VTIL-Core\VTIL-Common\util\thread_identifier.hpp"><Filter>util</Filter></ClInclude>
    <ClInclude Include="..\VTIL-Core\VTIL-Common\util\time.hpp"><Filter>util</Filter></ClInclude>
    <ClInclude Include="..\VTIL-Core\VTIL-Common\util\transform_parallel.hpp"><Filter>util</Filter></ClInclude>
    <ClInclude Include="..\VTIL-Core\VTIL-Common\util\trilean.hpp"><Filter>util</Filter></ClInclude>
    <ClInclude Include="..\VTIL-Core\VTIL-Common\util\type_helpers.hpp"><Filter>util</Filter></ClInclude>
    <ClInclude Include="..\VTIL-Core\VTIL-Common\util\variant.hpp"><Filter>util</Filter></ClInclude>
    <ClInclude Include="..\VTIL-Core\VTIL-Common\util\vtype_traits.hpp"><Filter>util</Filter></ClInclude>
    <ClInclude Include="..\VTIL-Core\VTIL-Common\util\zip.hpp"><Filter>util</Filter></ClInclude>
  </ItemGroup>
</Project>
